// !$*UTF8*$!
{
	archiveVersion = 1;
	classes = {
	};
	objectVersion = 50;
	objects = {

/* Begin PBXBuildFile section */
		96F826732439511500F1AD35 /* AppDelegate.swift in Sources */ = {isa = PBXBuildFile; fileRef = 96F826722439511500F1AD35 /* AppDelegate.swift */; };
		96F826752439511500F1AD35 /* SceneDelegate.swift in Sources */ = {isa = PBXBuildFile; fileRef = 96F826742439511500F1AD35 /* SceneDelegate.swift */; };
		96F826772439511500F1AD35 /* ContentView.swift in Sources */ = {isa = PBXBuildFile; fileRef = 96F826762439511500F1AD35 /* ContentView.swift */; };
		96F826792439511700F1AD35 /* Assets.xcassets in Resources */ = {isa = PBXBuildFile; fileRef = 96F826782439511700F1AD35 /* Assets.xcassets */; };
		96F8267C2439511700F1AD35 /* Preview Assets.xcassets in Resources */ = {isa = PBXBuildFile; fileRef = 96F8267B2439511700F1AD35 /* Preview Assets.xcassets */; };
		96F8267F2439511700F1AD35 /* LaunchScreen.storyboard in Resources */ = {isa = PBXBuildFile; fileRef = 96F8267D2439511700F1AD35 /* LaunchScreen.storyboard */; };
/* End PBXBuildFile section */

/* Begin PBXFileReference section */
		96F8266F2439511500F1AD35 /* NovelCOVID.app */ = {isa = PBXFileReference; explicitFileType = wrapper.application; includeInIndex = 0; path = NovelCOVID.app; sourceTree = BUILT_PRODUCTS_DIR; };
		96F826722439511500F1AD35 /* AppDelegate.swift */ = {isa = PBXFileReference; lastKnownFileType = sourcecode.swift; path = AppDelegate.swift; sourceTree = "<group>"; };
		96F826742439511500F1AD35 /* SceneDelegate.swift */ = {isa = PBXFileReference; lastKnownFileType = sourcecode.swift; path = SceneDelegate.swift; sourceTree = "<group>"; };
		96F826762439511500F1AD35 /* ContentView.swift */ = {isa = PBXFileReference; lastKnownFileType = sourcecode.swift; path = ContentView.swift; sourceTree = "<group>"; };
		96F826782439511700F1AD35 /* Assets.xcassets */ = {isa = PBXFileReference; lastKnownFileType = folder.assetcatalog; path = Assets.xcassets; sourceTree = "<group>"; };
		96F8267B2439511700F1AD35 /* Preview Assets.xcassets */ = {isa = PBXFileReference; lastKnownFileType = folder.assetcatalog; path = "Preview Assets.xcassets"; sourceTree = "<group>"; };
		96F8267E2439511700F1AD35 /* Base */ = {isa = PBXFileReference; lastKnownFileType = file.storyboard; name = Base; path = Base.lproj/LaunchScreen.storyboard; sourceTree = "<group>"; };
		96F826802439511700F1AD35 /* Info.plist */ = {isa = PBXFileReference; lastKnownFileType = text.plist.xml; path = Info.plist; sourceTree = "<group>"; };
/* End PBXFileReference section */

/* Begin PBXFrameworksBuildPhase section */
		96F8266C2439511500F1AD35 /* Frameworks */ = {
			isa = PBXFrameworksBuildPhase;
			buildActionMask = 2147483647;
			files = (
			);
			runOnlyForDeploymentPostprocessing = 0;
		};
/* End PBXFrameworksBuildPhase section */

/* Begin PBXGroup section */
		96F826662439511500F1AD35 = {
			isa = PBXGroup;
			children = (
				96F826712439511500F1AD35 /* NovelCOVID */,
				96F826702439511500F1AD35 /* Products */,
			);
			sourceTree = "<group>";
		};
		96F826702439511500F1AD35 /* Products */ = {
			isa = PBXGroup;
			children = (
				96F8266F2439511500F1AD35 /* NovelCOVID.app */,
			);
			name = Products;
			sourceTree = "<group>";
		};
		96F826712439511500F1AD35 /* NovelCOVID */ = {
			isa = PBXGroup;
			children = (
				96F826722439511500F1AD35 /* AppDelegate.swift */,
				96F826742439511500F1AD35 /* SceneDelegate.swift */,
				96F826762439511500F1AD35 /* ContentView.swift */,
				96F826782439511700F1AD35 /* Assets.xcassets */,
				96F8267D2439511700F1AD35 /* LaunchScreen.storyboard */,
				96F826802439511700F1AD35 /* Info.plist */,
				96F8267A2439511700F1AD35 /* Preview Content */,
			);
			path = NovelCOVID;
			sourceTree = "<group>";
		};
		96F8267A2439511700F1AD35 /* Preview Content */ = {
			isa = PBXGroup;
			children = (
				96F8267B2439511700F1AD35 /* Preview Assets.xcassets */,
			);
			path = "Preview Content";
			sourceTree = "<group>";
		};
/* End PBXGroup section */

/* Begin PBXNativeTarget section */
		96F8266E2439511500F1AD35 /* NovelCOVID */ = {
			isa = PBXNativeTarget;
			buildConfigurationList = 96F826832439511700F1AD35 /* Build configuration list for PBXNativeTarget "NovelCOVID" */;
			buildPhases = (
				96F8266B2439511500F1AD35 /* Sources */,
				96F8266C2439511500F1AD35 /* Frameworks */,
				96F8266D2439511500F1AD35 /* Resources */,
			);
			buildRules = (
			);
			dependencies = (
			);
			name = NovelCOVID;
			productName = NovelCOVID;
			productReference = 96F8266F2439511500F1AD35 /* NovelCOVID.app */;
			productType = "com.apple.product-type.application";
		};
/* End PBXNativeTarget section */

/* Begin PBXProject section */
		96F826672439511500F1AD35 /* Project object */ = {
			isa = PBXProject;
			attributes = {
				LastSwiftUpdateCheck = 1140;
				LastUpgradeCheck = 1140;
				ORGANIZATIONNAME = Avadhesh;
				TargetAttributes = {
					96F8266E2439511500F1AD35 = {
						CreatedOnToolsVersion = 11.4;
					};
				};
			};
			buildConfigurationList = 96F8266A2439511500F1AD35 /* Build configuration list for PBXProject "NovelCOVID" */;
			compatibilityVersion = "Xcode 9.3";
			developmentRegion = en;
			hasScannedForEncodings = 0;
			knownRegions = (
				en,
				Base,
			);
			mainGroup = 96F826662439511500F1AD35;
			productRefGroup = 96F826702439511500F1AD35 /* Products */;
			projectDirPath = "";
			projectRoot = "";
			targets = (
				96F8266E2439511500F1AD35 /* NovelCOVID */,
			);
		};
/* End PBXProject section */

/* Begin PBXResourcesBuildPhase section */
		96F8266D2439511500F1AD35 /* Resources */ = {
			isa = PBXResourcesBuildPhase;
			buildActionMask = 2147483647;
			files = (
				96F8267F2439511700F1AD35 /* LaunchScreen.storyboard in Resources */,
				96F8267C2439511700F1AD35 /* Preview Assets.xcassets in Resources */,
				96F826792439511700F1AD35 /* Assets.xcassets in Resources */,
			);
			runOnlyForDeploymentPostprocessing = 0;
		};
/* End PBXResourcesBuildPhase section */

/* Begin PBXSourcesBuildPhase section */
		96F8266B2439511500F1AD35 /* Sources */ = {
			isa = PBXSourcesBuildPhase;
			buildActionMask = 2147483647;
			files = (
				96F826732439511500F1AD35 /* AppDelegate.swift in Sources */,
				96F826752439511500F1AD35 /* SceneDelegate.swift in Sources */,
				96F826772439511500F1AD35 /* ContentView.swift in Sources */,
			);
			runOnlyForDeploymentPostprocessing = 0;
		};
/* End PBXSourcesBuildPhase section */

/* Begin PBXVariantGroup section */
		96F8267D2439511700F1AD35 /* LaunchScreen.storyboard */ = {
			isa = PBXVariantGroup;
			children = (
				96F8267E2439511700F1AD35 /* Base */,
			);
			name = LaunchScreen.storyboard;
			sourceTree = "<group>";
		};
/* End PBXVariantGroup section */

/* Begin XCBuildConfiguration section */
		96F826812439511700F1AD35 /* Debug */ = {
			isa = XCBuildConfiguration;
			buildSettings = {
				ALWAYS_SEARCH_USER_PATHS = NO;
				CLANG_ANALYZER_NONNULL = YES;
				CLANG_ANALYZER_NUMBER_OBJECT_CONVERSION = YES_AGGRESSIVE;
				CLANG_CXX_LANGUAGE_STANDARD = "gnu++14";
				CLANG_CXX_LIBRARY = "libc++";
				CLANG_ENABLE_MODULES = YES;
				CLANG_ENABLE_OBJC_ARC = YES;
				CLANG_ENABLE_OBJC_WEAK = YES;
				CLANG_WARN_BLOCK_CAPTURE_AUTORELEASING = YES;
				CLANG_WARN_BOOL_CONVERSION = YES;
				CLANG_WARN_COMMA = YES;
				CLANG_WARN_CONSTANT_CONVERSION = YES;
				CLANG_WARN_DEPRECATED_OBJC_IMPLEMENTATIONS = YES;
				CLANG_WARN_DIRECT_OBJC_ISA_USAGE = YES_ERROR;
				CLANG_WARN_DOCUMENTATION_COMMENTS = YES;
				CLANG_WARN_EMPTY_BODY = YES;
				CLANG_WARN_ENUM_CONVERSION = YES;
				CLANG_WARN_INFINITE_RECURSION = YES;
				CLANG_WARN_INT_CONVERSION = YES;
				CLANG_WARN_NON_LITERAL_NULL_CONVERSION = YES;
				CLANG_WARN_OBJC_IMPLICIT_RETAIN_SELF = YES;
				CLANG_WARN_OBJC_LITERAL_CONVERSION = YES;
				CLANG_WARN_OBJC_ROOT_CLASS = YES_ERROR;
				CLANG_WARN_RANGE_LOOP_ANALYSIS = YES;
				CLANG_WARN_STRICT_PROTOTYPES = YES;
				CLANG_WARN_SUSPICIOUS_MOVE = YES;
				CLANG_WARN_UNGUARDED_AVAILABILITY = YES_AGGRESSIVE;
				CLANG_WARN_UNREACHABLE_CODE = YES;
				CLANG_WARN__DUPLICATE_METHOD_MATCH = YES;
				COPY_PHASE_STRIP = NO;
				DEBUG_INFORMATION_FORMAT = dwarf;
				ENABLE_STRICT_OBJC_MSGSEND = YES;
				ENABLE_TESTABILITY = YES;
				GCC_C_LANGUAGE_STANDARD = gnu11;
				GCC_DYNAMIC_NO_PIC = NO;
				GCC_NO_COMMON_BLOCKS = YES;
				GCC_OPTIMIZATION_LEVEL = 0;
				GCC_PREPROCESSOR_DEFINITIONS = (
					"DEBUG=1",
					"$(inherited)",
				);
				GCC_WARN_64_TO_32_BIT_CONVERSION = YES;
				GCC_WARN_ABOUT_RETURN_TYPE = YES_ERROR;
				GCC_WARN_UNDECLARED_SELECTOR = YES;
				GCC_WARN_UNINITIALIZED_AUTOS = YES_AGGRESSIVE;
				GCC_WARN_UNUSED_FUNCTION = YES;
				GCC_WARN_UNUSED_VARIABLE = YES;
				IPHONEOS_DEPLOYMENT_TARGET = 13.4;
				MTL_ENABLE_DEBUG_INFO = INCLUDE_SOURCE;
				MTL_FAST_MATH = YES;
				ONLY_ACTIVE_ARCH = YES;
				SDKROOT = iphoneos;
				SWIFT_ACTIVE_COMPILATION_CONDITIONS = DEBUG;
				SWIFT_OPTIMIZATION_LEVEL = "-Onone";
			};
			name = Debug;
		};
		96F826822439511700F1AD35 /* Release */ = {
			isa = XCBuildConfiguration;
			buildSettings = {
				ALWAYS_SEARCH_USER_PATHS = NO;
				CLANG_ANALYZER_NONNULL = YES;
				CLANG_ANALYZER_NUMBER_OBJECT_CONVERSION = YES_AGGRESSIVE;
				CLANG_CXX_LANGUAGE_STANDARD = "gnu++14";
				CLANG_CXX_LIBRARY = "libc++";
				CLANG_ENABLE_MODULES = YES;
				CLANG_ENABLE_OBJC_ARC = YES;
				CLANG_ENABLE_OBJC_WEAK = YES;
				CLANG_WARN_BLOCK_CAPTURE_AUTORELEASING = YES;
				CLANG_WARN_BOOL_CONVERSION = YES;
				CLANG_WARN_COMMA = YES;
				CLANG_WARN_CONSTANT_CONVERSION = YES;
				CLANG_WARN_DEPRECATED_OBJC_IMPLEMENTATIONS = YES;
				CLANG_WARN_DIRECT_OBJC_ISA_USAGE = YES_ERROR;
				CLANG_WARN_DOCUMENTATION_COMMENTS = YES;
				CLANG_WARN_EMPTY_BODY = YES;
				CLANG_WARN_ENUM_CONVERSION = YES;
				CLANG_WARN_INFINITE_RECURSION = YES;
				CLANG_WARN_INT_CONVERSION = YES;
				CLANG_WARN_NON_LITERAL_NULL_CONVERSION = YES;
				CLANG_WARN_OBJC_IMPLICIT_RETAIN_SELF = YES;
				CLANG_WARN_OBJC_LITERAL_CONVERSION = YES;
				CLANG_WARN_OBJC_ROOT_CLASS = YES_ERROR;
				CLANG_WARN_RANGE_LOOP_ANALYSIS = YES;
				CLANG_WARN_STRICT_PROTOTYPES = YES;
				CLANG_WARN_SUSPICIOUS_MOVE = YES;
				CLANG_WARN_UNGUARDED_AVAILABILITY = YES_AGGRESSIVE;
				CLANG_WARN_UNREACHABLE_CODE = YES;
				CLANG_WARN__DUPLICATE_METHOD_MATCH = YES;
				COPY_PHASE_STRIP = NO;
				DEBUG_INFORMATION_FORMAT = "dwarf-with-dsym";
				ENABLE_NS_ASSERTIONS = NO;
				ENABLE_STRICT_OBJC_MSGSEND = YES;
				GCC_C_LANGUAGE_STANDARD = gnu11;
				GCC_NO_COMMON_BLOCKS = YES;
				GCC_WARN_64_TO_32_BIT_CONVERSION = YES;
				GCC_WARN_ABOUT_RETURN_TYPE = YES_ERROR;
				GCC_WARN_UNDECLARED_SELECTOR = YES;
				GCC_WARN_UNINITIALIZED_AUTOS = YES_AGGRESSIVE;
				GCC_WARN_UNUSED_FUNCTION = YES;
				GCC_WARN_UNUSED_VARIABLE = YES;
				IPHONEOS_DEPLOYMENT_TARGET = 13.4;
				MTL_ENABLE_DEBUG_INFO = NO;
				MTL_FAST_MATH = YES;
				SDKROOT = iphoneos;
				SWIFT_COMPILATION_MODE = wholemodule;
				SWIFT_OPTIMIZATION_LEVEL = "-O";
				VALIDATE_PRODUCT = YES;
			};
			name = Release;
		};
		96F826842439511700F1AD35 /* Debug */ = {
			isa = XCBuildConfiguration;
			buildSettings = {
				ASSETCATALOG_COMPILER_APPICON_NAME = AppIcon;
				CODE_SIGN_STYLE = Automatic;
				DEVELOPMENT_ASSET_PATHS = "\"NovelCOVID/Preview Content\"";
				ENABLE_PREVIEWS = YES;
				INFOPLIST_FILE = NovelCOVID/Info.plist;
				LD_RUNPATH_SEARCH_PATHS = (
					"$(inherited)",
					"@executable_path/Frameworks",
				);
				PRODUCT_BUNDLE_IDENTIFIER = com.avadhesh.NovelCOVID;
				PRODUCT_NAME = "$(TARGET_NAME)";
				SWIFT_VERSION = 5.0;
				TARGETED_DEVICE_FAMILY = "1,2";
			};
			name = Debug;
		};
		96F826852439511700F1AD35 /* Release */ = {
			isa = XCBuildConfiguration;
			buildSettings = {
				ASSETCATALOG_COMPILER_APPICON_NAME = AppIcon;
				CODE_SIGN_STYLE = Automatic;
				DEVELOPMENT_ASSET_PATHS = "\"NovelCOVID/Preview Content\"";
				ENABLE_PREVIEWS = YES;
				INFOPLIST_FILE = NovelCOVID/Info.plist;
				LD_RUNPATH_SEARCH_PATHS = (
					"$(inherited)",
					"@executable_path/Frameworks",
				);
				PRODUCT_BUNDLE_IDENTIFIER = com.avadhesh.NovelCOVID;
				PRODUCT_NAME = "$(TARGET_NAME)";
				SWIFT_VERSION = 5.0;
				TARGETED_DEVICE_FAMILY = "1,2";
			};
			name = Release;
		};
/* End XCBuildConfiguration section */

/* Begin XCConfigurationList section */
		96F8266A2439511500F1AD35 /* Build configuration list for PBXProject "NovelCOVID" */ = {
			isa = XCConfigurationList;
			buildConfigurations = (
				96F826812439511700F1AD35 /* Debug */,
				96F826822439511700F1AD35 /* Release */,
			);
			defaultConfigurationIsVisible = 0;
			defaultConfigurationName = Release;
		};
		96F826832439511700F1AD35 /* Build configuration list for PBXNativeTarget "NovelCOVID" */ = {
			isa = XCConfigurationList;
			buildConfigurations = (
				96F826842439511700F1AD35 /* Debug */,
				96F826852439511700F1AD35 /* Release */,
			);
			defaultConfigurationIsVisible = 0;
			defaultConfigurationName = Release;
		};
/* End XCConfigurationList section */
	};
	rootObject = 96F826672439511500F1AD35 /* Project object */;
}
