// !$*UTF8*$!
{
	archiveVersion = 1;
	classes = {
	};
	objectVersion = 52;
	objects = {

/* Begin PBXBuildFile section */
		962022962439820C0006B58D /* StatsViewModel.swift in Sources */ = {isa = PBXBuildFile; fileRef = 962022952439820C0006B58D /* StatsViewModel.swift */; };
		9620229924398CC90006B58D /* KingfisherSwiftUI in Frameworks */ = {isa = PBXBuildFile; productRef = 9620229824398CC90006B58D /* KingfisherSwiftUI */; };
		9620229A24398CC90006B58D /* KingfisherSwiftUI in Embed Frameworks */ = {isa = PBXBuildFile; productRef = 9620229824398CC90006B58D /* KingfisherSwiftUI */; settings = {ATTRIBUTES = (CodeSignOnCopy, ); }; };
		9620229D24399C9E0006B58D /* CountriesView.swift in Sources */ = {isa = PBXBuildFile; fileRef = 9620229C24399C9E0006B58D /* CountriesView.swift */; };
		9620229F24399CC00006B58D /* CountriesViewModel.swift in Sources */ = {isa = PBXBuildFile; fileRef = 9620229E24399CC00006B58D /* CountriesViewModel.swift */; };
		962022A224399FD30006B58D /* SearchBar.swift in Sources */ = {isa = PBXBuildFile; fileRef = 962022A124399FD30006B58D /* SearchBar.swift */; };
		962022A42439A07E0006B58D /* DragGesture.swift in Sources */ = {isa = PBXBuildFile; fileRef = 962022A32439A07E0006B58D /* DragGesture.swift */; };
		96386F52243A0E5600C8574F /* CountryCell.swift in Sources */ = {isa = PBXBuildFile; fileRef = 96386F51243A0E5600C8574F /* CountryCell.swift */; };
		9655417C243B1E5900CAD743 /* MapView.swift in Sources */ = {isa = PBXBuildFile; fileRef = 9655417B243B1E5900CAD743 /* MapView.swift */; };
		9655417E243B1F1300CAD743 /* MapAnnotation.swift in Sources */ = {isa = PBXBuildFile; fileRef = 9655417D243B1F1300CAD743 /* MapAnnotation.swift */; };
		96554180243B299D00CAD743 /* MapViewModel.swift in Sources */ = {isa = PBXBuildFile; fileRef = 9655417F243B299C00CAD743 /* MapViewModel.swift */; };
		96554182243B2FF400CAD743 /* MapContainer.swift in Sources */ = {isa = PBXBuildFile; fileRef = 96554181243B2FF400CAD743 /* MapContainer.swift */; };
		96554184243B3A3C00CAD743 /* CustomCallout.swift in Sources */ = {isa = PBXBuildFile; fileRef = 96554183243B3A3C00CAD743 /* CustomCallout.swift */; };
		96F826732439511500F1AD35 /* AppDelegate.swift in Sources */ = {isa = PBXBuildFile; fileRef = 96F826722439511500F1AD35 /* AppDelegate.swift */; };
		96F826752439511500F1AD35 /* SceneDelegate.swift in Sources */ = {isa = PBXBuildFile; fileRef = 96F826742439511500F1AD35 /* SceneDelegate.swift */; };
		96F826772439511500F1AD35 /* ContentView.swift in Sources */ = {isa = PBXBuildFile; fileRef = 96F826762439511500F1AD35 /* ContentView.swift */; };
		96F826792439511700F1AD35 /* Assets.xcassets in Resources */ = {isa = PBXBuildFile; fileRef = 96F826782439511700F1AD35 /* Assets.xcassets */; };
		96F8267C2439511700F1AD35 /* Preview Assets.xcassets in Resources */ = {isa = PBXBuildFile; fileRef = 96F8267B2439511700F1AD35 /* Preview Assets.xcassets */; };
		96F8267F2439511700F1AD35 /* LaunchScreen.storyboard in Resources */ = {isa = PBXBuildFile; fileRef = 96F8267D2439511700F1AD35 /* LaunchScreen.storyboard */; };
		96F82688243951C400F1AD35 /* NetworkManager.swift in Sources */ = {isa = PBXBuildFile; fileRef = 96F82687243951C400F1AD35 /* NetworkManager.swift */; };
		96F8268A243952D300F1AD35 /* APIEndpoints.swift in Sources */ = {isa = PBXBuildFile; fileRef = 96F82689243952D300F1AD35 /* APIEndpoints.swift */; };
		96F8268D2439541200F1AD35 /* AllCasesModel.swift in Sources */ = {isa = PBXBuildFile; fileRef = 96F8268C2439541200F1AD35 /* AllCasesModel.swift */; };
		96F8268F243954D500F1AD35 /* CountryModel.swift in Sources */ = {isa = PBXBuildFile; fileRef = 96F8268E243954D500F1AD35 /* CountryModel.swift */; };
		96F8269224395D6C00F1AD35 /* StatsView.swift in Sources */ = {isa = PBXBuildFile; fileRef = 96F8269124395D6C00F1AD35 /* StatsView.swift */; };
/* End PBXBuildFile section */

/* Begin PBXCopyFilesBuildPhase section */
		96202292243967A20006B58D /* Embed Frameworks */ = {
			isa = PBXCopyFilesBuildPhase;
			buildActionMask = 2147483647;
			dstPath = "";
			dstSubfolderSpec = 10;
			files = (
				9620229A24398CC90006B58D /* KingfisherSwiftUI in Embed Frameworks */,
			);
			name = "Embed Frameworks";
			runOnlyForDeploymentPostprocessing = 0;
		};
/* End PBXCopyFilesBuildPhase section */

/* Begin PBXFileReference section */
		962022952439820C0006B58D /* StatsViewModel.swift */ = {isa = PBXFileReference; lastKnownFileType = sourcecode.swift; path = StatsViewModel.swift; sourceTree = "<group>"; };
		9620229C24399C9E0006B58D /* CountriesView.swift */ = {isa = PBXFileReference; lastKnownFileType = sourcecode.swift; path = CountriesView.swift; sourceTree = "<group>"; };
		9620229E24399CC00006B58D /* CountriesViewModel.swift */ = {isa = PBXFileReference; lastKnownFileType = sourcecode.swift; path = CountriesViewModel.swift; sourceTree = "<group>"; };
		962022A124399FD30006B58D /* SearchBar.swift */ = {isa = PBXFileReference; lastKnownFileType = sourcecode.swift; path = SearchBar.swift; sourceTree = "<group>"; };
		962022A32439A07E0006B58D /* DragGesture.swift */ = {isa = PBXFileReference; lastKnownFileType = sourcecode.swift; path = DragGesture.swift; sourceTree = "<group>"; };
		96386F51243A0E5600C8574F /* CountryCell.swift */ = {isa = PBXFileReference; lastKnownFileType = sourcecode.swift; path = CountryCell.swift; sourceTree = "<group>"; };
		9655417B243B1E5900CAD743 /* MapView.swift */ = {isa = PBXFileReference; lastKnownFileType = sourcecode.swift; path = MapView.swift; sourceTree = "<group>"; };
		9655417D243B1F1300CAD743 /* MapAnnotation.swift */ = {isa = PBXFileReference; lastKnownFileType = sourcecode.swift; path = MapAnnotation.swift; sourceTree = "<group>"; };
		9655417F243B299C00CAD743 /* MapViewModel.swift */ = {isa = PBXFileReference; lastKnownFileType = sourcecode.swift; path = MapViewModel.swift; sourceTree = "<group>"; };
		96554181243B2FF400CAD743 /* MapContainer.swift */ = {isa = PBXFileReference; lastKnownFileType = sourcecode.swift; path = MapContainer.swift; sourceTree = "<group>"; };
		96554183243B3A3C00CAD743 /* CustomCallout.swift */ = {isa = PBXFileReference; lastKnownFileType = sourcecode.swift; path = CustomCallout.swift; sourceTree = "<group>"; };
		96F8266F2439511500F1AD35 /* NovelCOVID.app */ = {isa = PBXFileReference; explicitFileType = wrapper.application; includeInIndex = 0; path = NovelCOVID.app; sourceTree = BUILT_PRODUCTS_DIR; };
		96F826722439511500F1AD35 /* AppDelegate.swift */ = {isa = PBXFileReference; lastKnownFileType = sourcecode.swift; path = AppDelegate.swift; sourceTree = "<group>"; };
		96F826742439511500F1AD35 /* SceneDelegate.swift */ = {isa = PBXFileReference; lastKnownFileType = sourcecode.swift; path = SceneDelegate.swift; sourceTree = "<group>"; };
		96F826762439511500F1AD35 /* ContentView.swift */ = {isa = PBXFileReference; lastKnownFileType = sourcecode.swift; path = ContentView.swift; sourceTree = "<group>"; };
		96F826782439511700F1AD35 /* Assets.xcassets */ = {isa = PBXFileReference; lastKnownFileType = folder.assetcatalog; path = Assets.xcassets; sourceTree = "<group>"; };
		96F8267B2439511700F1AD35 /* Preview Assets.xcassets */ = {isa = PBXFileReference; lastKnownFileType = folder.assetcatalog; path = "Preview Assets.xcassets"; sourceTree = "<group>"; };
		96F8267E2439511700F1AD35 /* Base */ = {isa = PBXFileReference; lastKnownFileType = file.storyboard; name = Base; path = Base.lproj/LaunchScreen.storyboard; sourceTree = "<group>"; };
		96F826802439511700F1AD35 /* Info.plist */ = {isa = PBXFileReference; lastKnownFileType = text.plist.xml; path = Info.plist; sourceTree = "<group>"; };
		96F82687243951C400F1AD35 /* NetworkManager.swift */ = {isa = PBXFileReference; lastKnownFileType = sourcecode.swift; path = NetworkManager.swift; sourceTree = "<group>"; };
		96F82689243952D300F1AD35 /* APIEndpoints.swift */ = {isa = PBXFileReference; lastKnownFileType = sourcecode.swift; path = APIEndpoints.swift; sourceTree = "<group>"; };
		96F8268C2439541200F1AD35 /* AllCasesModel.swift */ = {isa = PBXFileReference; lastKnownFileType = sourcecode.swift; path = AllCasesModel.swift; sourceTree = "<group>"; };
		96F8268E243954D500F1AD35 /* CountryModel.swift */ = {isa = PBXFileReference; lastKnownFileType = sourcecode.swift; path = CountryModel.swift; sourceTree = "<group>"; };
		96F8269124395D6C00F1AD35 /* StatsView.swift */ = {isa = PBXFileReference; lastKnownFileType = sourcecode.swift; path = StatsView.swift; sourceTree = "<group>"; };
/* End PBXFileReference section */

/* Begin PBXFrameworksBuildPhase section */
		96F8266C2439511500F1AD35 /* Frameworks */ = {
			isa = PBXFrameworksBuildPhase;
			buildActionMask = 2147483647;
			files = (
				9620229924398CC90006B58D /* KingfisherSwiftUI in Frameworks */,
			);
			runOnlyForDeploymentPostprocessing = 0;
		};
/* End PBXFrameworksBuildPhase section */

/* Begin PBXGroup section */
		96202294243981F30006B58D /* Stats */ = {
			isa = PBXGroup;
			children = (
				96F8269124395D6C00F1AD35 /* StatsView.swift */,
				962022952439820C0006B58D /* StatsViewModel.swift */,
			);
			path = Stats;
			sourceTree = "<group>";
		};
		9620229B24399C8F0006B58D /* Countries */ = {
			isa = PBXGroup;
			children = (
				9620229C24399C9E0006B58D /* CountriesView.swift */,
				9620229E24399CC00006B58D /* CountriesViewModel.swift */,
				96386F51243A0E5600C8574F /* CountryCell.swift */,
			);
			path = Countries;
			sourceTree = "<group>";
		};
		962022A024399FC40006B58D /* Helper */ = {
			isa = PBXGroup;
			children = (
				962022A124399FD30006B58D /* SearchBar.swift */,
				962022A32439A07E0006B58D /* DragGesture.swift */,
			);
			path = Helper;
			sourceTree = "<group>";
		};
		9655417A243B1E3000CAD743 /* MapView */ = {
			isa = PBXGroup;
			children = (
				9655417B243B1E5900CAD743 /* MapView.swift */,
				96554181243B2FF400CAD743 /* MapContainer.swift */,
				9655417D243B1F1300CAD743 /* MapAnnotation.swift */,
				96554183243B3A3C00CAD743 /* CustomCallout.swift */,
				9655417F243B299C00CAD743 /* MapViewModel.swift */,
			);
			path = MapView;
			sourceTree = "<group>";
		};
		96F826662439511500F1AD35 = {
			isa = PBXGroup;
			children = (
				96F826712439511500F1AD35 /* NovelCOVID */,
				96F826702439511500F1AD35 /* Products */,
			);
			sourceTree = "<group>";
		};
		96F826702439511500F1AD35 /* Products */ = {
			isa = PBXGroup;
			children = (
				96F8266F2439511500F1AD35 /* NovelCOVID.app */,
			);
			name = Products;
			sourceTree = "<group>";
		};
		96F826712439511500F1AD35 /* NovelCOVID */ = {
			isa = PBXGroup;
			children = (
				96F8268B2439536B00F1AD35 /* Entity */,
				96F82686243951B300F1AD35 /* Network */,
				962022A024399FC40006B58D /* Helper */,
				96F8269024395D5D00F1AD35 /* Presentation */,
				96F826722439511500F1AD35 /* AppDelegate.swift */,
				96F826742439511500F1AD35 /* SceneDelegate.swift */,
				96F826782439511700F1AD35 /* Assets.xcassets */,
				96F8267D2439511700F1AD35 /* LaunchScreen.storyboard */,
				96F826802439511700F1AD35 /* Info.plist */,
				96F8267A2439511700F1AD35 /* Preview Content */,
			);
			path = NovelCOVID;
			sourceTree = "<group>";
		};
		96F8267A2439511700F1AD35 /* Preview Content */ = {
			isa = PBXGroup;
			children = (
				96F8267B2439511700F1AD35 /* Preview Assets.xcassets */,
			);
			path = "Preview Content";
			sourceTree = "<group>";
		};
		96F82686243951B300F1AD35 /* Network */ = {
			isa = PBXGroup;
			children = (
				96F82687243951C400F1AD35 /* NetworkManager.swift */,
				96F82689243952D300F1AD35 /* APIEndpoints.swift */,
			);
			path = Network;
			sourceTree = "<group>";
		};
		96F8268B2439536B00F1AD35 /* Entity */ = {
			isa = PBXGroup;
			children = (
				96F8268C2439541200F1AD35 /* AllCasesModel.swift */,
				96F8268E243954D500F1AD35 /* CountryModel.swift */,
			);
			path = Entity;
			sourceTree = "<group>";
		};
		96F8269024395D5D00F1AD35 /* Presentation */ = {
			isa = PBXGroup;
			children = (
				9655417A243B1E3000CAD743 /* MapView */,
				96F826762439511500F1AD35 /* ContentView.swift */,
				9620229B24399C8F0006B58D /* Countries */,
				96202294243981F30006B58D /* Stats */,
			);
			path = Presentation;
			sourceTree = "<group>";
		};
/* End PBXGroup section */

/* Begin PBXNativeTarget section */
		96F8266E2439511500F1AD35 /* NovelCOVID */ = {
			isa = PBXNativeTarget;
			buildConfigurationList = 96F826832439511700F1AD35 /* Build configuration list for PBXNativeTarget "NovelCOVID" */;
			buildPhases = (
				96F8266B2439511500F1AD35 /* Sources */,
				96F8266C2439511500F1AD35 /* Frameworks */,
				96F8266D2439511500F1AD35 /* Resources */,
				96202292243967A20006B58D /* Embed Frameworks */,
			);
			buildRules = (
			);
			dependencies = (
			);
			name = NovelCOVID;
			packageProductDependencies = (
				9620229824398CC90006B58D /* KingfisherSwiftUI */,
			);
			productName = NovelCOVID;
			productReference = 96F8266F2439511500F1AD35 /* NovelCOVID.app */;
			productType = "com.apple.product-type.application";
		};
/* End PBXNativeTarget section */

/* Begin PBXProject section */
		96F826672439511500F1AD35 /* Project object */ = {
			isa = PBXProject;
			attributes = {
				LastSwiftUpdateCheck = 1140;
				LastUpgradeCheck = 1140;
				ORGANIZATIONNAME = Avadhesh;
				TargetAttributes = {
					96F8266E2439511500F1AD35 = {
						CreatedOnToolsVersion = 11.4;
					};
				};
			};
			buildConfigurationList = 96F8266A2439511500F1AD35 /* Build configuration list for PBXProject "NovelCOVID" */;
			compatibilityVersion = "Xcode 9.3";
			developmentRegion = en;
			hasScannedForEncodings = 0;
			knownRegions = (
				en,
				Base,
			);
			mainGroup = 96F826662439511500F1AD35;
			packageReferences = (
				9620229724398CC90006B58D /* XCRemoteSwiftPackageReference "Kingfisher" */,
			);
			productRefGroup = 96F826702439511500F1AD35 /* Products */;
			projectDirPath = "";
			projectRoot = "";
			targets = (
				96F8266E2439511500F1AD35 /* NovelCOVID */,
			);
		};
/* End PBXProject section */

/* Begin PBXResourcesBuildPhase section */
		96F8266D2439511500F1AD35 /* Resources */ = {
			isa = PBXResourcesBuildPhase;
			buildActionMask = 2147483647;
			files = (
				96F8267F2439511700F1AD35 /* LaunchScreen.storyboard in Resources */,
				96F8267C2439511700F1AD35 /* Preview Assets.xcassets in Resources */,
				96F826792439511700F1AD35 /* Assets.xcassets in Resources */,
			);
			runOnlyForDeploymentPostprocessing = 0;
		};
/* End PBXResourcesBuildPhase section */

/* Begin PBXSourcesBuildPhase section */
		96F8266B2439511500F1AD35 /* Sources */ = {
			isa = PBXSourcesBuildPhase;
			buildActionMask = 2147483647;
			files = (
				96F8268A243952D300F1AD35 /* APIEndpoints.swift in Sources */,
				96F826732439511500F1AD35 /* AppDelegate.swift in Sources */,
				96F8268F243954D500F1AD35 /* CountryModel.swift in Sources */,
				962022A42439A07E0006B58D /* DragGesture.swift in Sources */,
				96554184243B3A3C00CAD743 /* CustomCallout.swift in Sources */,
				96F82688243951C400F1AD35 /* NetworkManager.swift in Sources */,
				9620229F24399CC00006B58D /* CountriesViewModel.swift in Sources */,
				96386F52243A0E5600C8574F /* CountryCell.swift in Sources */,
				9655417E243B1F1300CAD743 /* MapAnnotation.swift in Sources */,
				96554182243B2FF400CAD743 /* MapContainer.swift in Sources */,
				9655417C243B1E5900CAD743 /* MapView.swift in Sources */,
				962022A224399FD30006B58D /* SearchBar.swift in Sources */,
				962022962439820C0006B58D /* StatsViewModel.swift in Sources */,
				96F8269224395D6C00F1AD35 /* StatsView.swift in Sources */,
				96F8268D2439541200F1AD35 /* AllCasesModel.swift in Sources */,
				96554180243B299D00CAD743 /* MapViewModel.swift in Sources */,
				96F826752439511500F1AD35 /* SceneDelegate.swift in Sources */,
				96F826772439511500F1AD35 /* ContentView.swift in Sources */,
				9620229D24399C9E0006B58D /* CountriesView.swift in Sources */,
			);
			runOnlyForDeploymentPostprocessing = 0;
		};
/* End PBXSourcesBuildPhase section */

/* Begin PBXVariantGroup section */
		96F8267D2439511700F1AD35 /* LaunchScreen.storyboard */ = {
			isa = PBXVariantGroup;
			children = (
				96F8267E2439511700F1AD35 /* Base */,
			);
			name = LaunchScreen.storyboard;
			sourceTree = "<group>";
		};
/* End PBXVariantGroup section */

/* Begin XCBuildConfiguration section */
		96F826812439511700F1AD35 /* Debug */ = {
			isa = XCBuildConfiguration;
			buildSettings = {
				ALWAYS_SEARCH_USER_PATHS = NO;
				CLANG_ANALYZER_NONNULL = YES;
				CLANG_ANALYZER_NUMBER_OBJECT_CONVERSION = YES_AGGRESSIVE;
				CLANG_CXX_LANGUAGE_STANDARD = "gnu++14";
				CLANG_CXX_LIBRARY = "libc++";
				CLANG_ENABLE_MODULES = YES;
				CLANG_ENABLE_OBJC_ARC = YES;
				CLANG_ENABLE_OBJC_WEAK = YES;
				CLANG_WARN_BLOCK_CAPTURE_AUTORELEASING = YES;
				CLANG_WARN_BOOL_CONVERSION = YES;
				CLANG_WARN_COMMA = YES;
				CLANG_WARN_CONSTANT_CONVERSION = YES;
				CLANG_WARN_DEPRECATED_OBJC_IMPLEMENTATIONS = YES;
				CLANG_WARN_DIRECT_OBJC_ISA_USAGE = YES_ERROR;
				CLANG_WARN_DOCUMENTATION_COMMENTS = YES;
				CLANG_WARN_EMPTY_BODY = YES;
				CLANG_WARN_ENUM_CONVERSION = YES;
				CLANG_WARN_INFINITE_RECURSION = YES;
				CLANG_WARN_INT_CONVERSION = YES;
				CLANG_WARN_NON_LITERAL_NULL_CONVERSION = YES;
				CLANG_WARN_OBJC_IMPLICIT_RETAIN_SELF = YES;
				CLANG_WARN_OBJC_LITERAL_CONVERSION = YES;
				CLANG_WARN_OBJC_ROOT_CLASS = YES_ERROR;
				CLANG_WARN_RANGE_LOOP_ANALYSIS = YES;
				CLANG_WARN_STRICT_PROTOTYPES = YES;
				CLANG_WARN_SUSPICIOUS_MOVE = YES;
				CLANG_WARN_UNGUARDED_AVAILABILITY = YES_AGGRESSIVE;
				CLANG_WARN_UNREACHABLE_CODE = YES;
				CLANG_WARN__DUPLICATE_METHOD_MATCH = YES;
				COPY_PHASE_STRIP = NO;
				DEBUG_INFORMATION_FORMAT = dwarf;
				ENABLE_STRICT_OBJC_MSGSEND = YES;
				ENABLE_TESTABILITY = YES;
				GCC_C_LANGUAGE_STANDARD = gnu11;
				GCC_DYNAMIC_NO_PIC = NO;
				GCC_NO_COMMON_BLOCKS = YES;
				GCC_OPTIMIZATION_LEVEL = 0;
				GCC_PREPROCESSOR_DEFINITIONS = (
					"DEBUG=1",
					"$(inherited)",
				);
				GCC_WARN_64_TO_32_BIT_CONVERSION = YES;
				GCC_WARN_ABOUT_RETURN_TYPE = YES_ERROR;
				GCC_WARN_UNDECLARED_SELECTOR = YES;
				GCC_WARN_UNINITIALIZED_AUTOS = YES_AGGRESSIVE;
				GCC_WARN_UNUSED_FUNCTION = YES;
				GCC_WARN_UNUSED_VARIABLE = YES;
				IPHONEOS_DEPLOYMENT_TARGET = 13.4;
				MTL_ENABLE_DEBUG_INFO = INCLUDE_SOURCE;
				MTL_FAST_MATH = YES;
				ONLY_ACTIVE_ARCH = YES;
				SDKROOT = iphoneos;
				SWIFT_ACTIVE_COMPILATION_CONDITIONS = DEBUG;
				SWIFT_OPTIMIZATION_LEVEL = "-Onone";
			};
			name = Debug;
		};
		96F826822439511700F1AD35 /* Release */ = {
			isa = XCBuildConfiguration;
			buildSettings = {
				ALWAYS_SEARCH_USER_PATHS = NO;
				CLANG_ANALYZER_NONNULL = YES;
				CLANG_ANALYZER_NUMBER_OBJECT_CONVERSION = YES_AGGRESSIVE;
				CLANG_CXX_LANGUAGE_STANDARD = "gnu++14";
				CLANG_CXX_LIBRARY = "libc++";
				CLANG_ENABLE_MODULES = YES;
				CLANG_ENABLE_OBJC_ARC = YES;
				CLANG_ENABLE_OBJC_WEAK = YES;
				CLANG_WARN_BLOCK_CAPTURE_AUTORELEASING = YES;
				CLANG_WARN_BOOL_CONVERSION = YES;
				CLANG_WARN_COMMA = YES;
				CLANG_WARN_CONSTANT_CONVERSION = YES;
				CLANG_WARN_DEPRECATED_OBJC_IMPLEMENTATIONS = YES;
				CLANG_WARN_DIRECT_OBJC_ISA_USAGE = YES_ERROR;
				CLANG_WARN_DOCUMENTATION_COMMENTS = YES;
				CLANG_WARN_EMPTY_BODY = YES;
				CLANG_WARN_ENUM_CONVERSION = YES;
				CLANG_WARN_INFINITE_RECURSION = YES;
				CLANG_WARN_INT_CONVERSION = YES;
				CLANG_WARN_NON_LITERAL_NULL_CONVERSION = YES;
				CLANG_WARN_OBJC_IMPLICIT_RETAIN_SELF = YES;
				CLANG_WARN_OBJC_LITERAL_CONVERSION = YES;
				CLANG_WARN_OBJC_ROOT_CLASS = YES_ERROR;
				CLANG_WARN_RANGE_LOOP_ANALYSIS = YES;
				CLANG_WARN_STRICT_PROTOTYPES = YES;
				CLANG_WARN_SUSPICIOUS_MOVE = YES;
				CLANG_WARN_UNGUARDED_AVAILABILITY = YES_AGGRESSIVE;
				CLANG_WARN_UNREACHABLE_CODE = YES;
				CLANG_WARN__DUPLICATE_METHOD_MATCH = YES;
				COPY_PHASE_STRIP = NO;
				DEBUG_INFORMATION_FORMAT = "dwarf-with-dsym";
				ENABLE_NS_ASSERTIONS = NO;
				ENABLE_STRICT_OBJC_MSGSEND = YES;
				GCC_C_LANGUAGE_STANDARD = gnu11;
				GCC_NO_COMMON_BLOCKS = YES;
				GCC_WARN_64_TO_32_BIT_CONVERSION = YES;
				GCC_WARN_ABOUT_RETURN_TYPE = YES_ERROR;
				GCC_WARN_UNDECLARED_SELECTOR = YES;
				GCC_WARN_UNINITIALIZED_AUTOS = YES_AGGRESSIVE;
				GCC_WARN_UNUSED_FUNCTION = YES;
				GCC_WARN_UNUSED_VARIABLE = YES;
				IPHONEOS_DEPLOYMENT_TARGET = 13.4;
				MTL_ENABLE_DEBUG_INFO = NO;
				MTL_FAST_MATH = YES;
				SDKROOT = iphoneos;
				SWIFT_COMPILATION_MODE = wholemodule;
				SWIFT_OPTIMIZATION_LEVEL = "-O";
				VALIDATE_PRODUCT = YES;
			};
			name = Release;
		};
		96F826842439511700F1AD35 /* Debug */ = {
			isa = XCBuildConfiguration;
			buildSettings = {
				ASSETCATALOG_COMPILER_APPICON_NAME = AppIcon;
				CODE_SIGN_STYLE = Automatic;
				DEVELOPMENT_ASSET_PATHS = "\"NovelCOVID/Preview Content\"";
				ENABLE_PREVIEWS = YES;
				INFOPLIST_FILE = NovelCOVID/Info.plist;
				LD_RUNPATH_SEARCH_PATHS = (
					"$(inherited)",
					"@executable_path/Frameworks",
				);
				PRODUCT_BUNDLE_IDENTIFIER = com.avadhesh.NovelCOVID;
				PRODUCT_NAME = "$(TARGET_NAME)";
				SWIFT_VERSION = 5.0;
				TARGETED_DEVICE_FAMILY = "1,2";
			};
			name = Debug;
		};
		96F826852439511700F1AD35 /* Release */ = {
			isa = XCBuildConfiguration;
			buildSettings = {
				ASSETCATALOG_COMPILER_APPICON_NAME = AppIcon;
				CODE_SIGN_STYLE = Automatic;
				DEVELOPMENT_ASSET_PATHS = "\"NovelCOVID/Preview Content\"";
				ENABLE_PREVIEWS = YES;
				INFOPLIST_FILE = NovelCOVID/Info.plist;
				LD_RUNPATH_SEARCH_PATHS = (
					"$(inherited)",
					"@executable_path/Frameworks",
				);
				PRODUCT_BUNDLE_IDENTIFIER = com.avadhesh.NovelCOVID;
				PRODUCT_NAME = "$(TARGET_NAME)";
				SWIFT_VERSION = 5.0;
				TARGETED_DEVICE_FAMILY = "1,2";
			};
			name = Release;
		};
/* End XCBuildConfiguration section */

/* Begin XCConfigurationList section */
		96F8266A2439511500F1AD35 /* Build configuration list for PBXProject "NovelCOVID" */ = {
			isa = XCConfigurationList;
			buildConfigurations = (
				96F826812439511700F1AD35 /* Debug */,
				96F826822439511700F1AD35 /* Release */,
			);
			defaultConfigurationIsVisible = 0;
			defaultConfigurationName = Release;
		};
		96F826832439511700F1AD35 /* Build configuration list for PBXNativeTarget "NovelCOVID" */ = {
			isa = XCConfigurationList;
			buildConfigurations = (
				96F826842439511700F1AD35 /* Debug */,
				96F826852439511700F1AD35 /* Release */,
			);
			defaultConfigurationIsVisible = 0;
			defaultConfigurationName = Release;
		};
/* End XCConfigurationList section */

/* Begin XCRemoteSwiftPackageReference section */
		9620229724398CC90006B58D /* XCRemoteSwiftPackageReference "Kingfisher" */ = {
			isa = XCRemoteSwiftPackageReference;
			repositoryURL = "https://github.com/onevcat/Kingfisher";
			requirement = {
				kind = upToNextMajorVersion;
				minimumVersion = 5.13.3;
			};
		};
/* End XCRemoteSwiftPackageReference section */

/* Begin XCSwiftPackageProductDependency section */
		9620229824398CC90006B58D /* KingfisherSwiftUI */ = {
			isa = XCSwiftPackageProductDependency;
			package = 9620229724398CC90006B58D /* XCRemoteSwiftPackageReference "Kingfisher" */;
			productName = KingfisherSwiftUI;
		};
/* End XCSwiftPackageProductDependency section */
	};
	rootObject = 96F826672439511500F1AD35 /* Project object */;
}
